
Microsoft Visual Studio Solution File, Format Version 12.00
# Visual Studio 15
VisualStudioVersion = 15.0.28307.271
MinimumVisualStudioVersion = 10.0.40219.1
Project("{8BC9CEB8-8B4A-11D0-8D11-00A0C91BC942}") = "LabProgramacion3", "LabProgramacion3\LabProgramacion3.vcxproj", "{0D7FFABC-1630-416E-A1EC-DD2450D9E6A5}"
EndProject
Project("{8BC9CEB8-8B4A-11D0-8D11-00A0C91BC942}") = "Referencia", "Referencia\Referencia.vcxproj", "{5C985ACA-7DA6-4337-B743-799D898CBE47}"
EndProject
Project("{8BC9CEB8-8B4A-11D0-8D11-00A0C91BC942}") = "ExamenLab1", "ExamenLab1\ExamenLab1.vcxproj", "{FA4194AA-4AE7-46EE-9E89-9B2AB3CB28E3}"
EndProject
Global
	GlobalSection(SolutionConfigurationPlatforms) = preSolution
		Debug|x64 = Debug|x64
		Debug|x86 = Debug|x86
		Release|x64 = Release|x64
		Release|x86 = Release|x86
	EndGlobalSection
	GlobalSection(ProjectConfigurationPlatforms) = postSolution
		{0D7FFABC-1630-416E-A1EC-DD2450D9E6A5}.Debug|x64.ActiveCfg = Debug|x64
		{0D7FFABC-1630-416E-A1EC-DD2450D9E6A5}.Debug|x64.Build.0 = Debug|x64
		{0D7FFABC-1630-416E-A1EC-DD2450D9E6A5}.Debug|x86.ActiveCfg = Debug|Win32
		{0D7FFABC-1630-416E-A1EC-DD2450D9E6A5}.Debug|x86.Build.0 = Debug|Win32
		{0D7FFABC-1630-416E-A1EC-DD2450D9E6A5}.Release|x64.ActiveCfg = Release|x64
		{0D7FFABC-1630-416E-A1EC-DD2450D9E6A5}.Release|x64.Build.0 = Release|x64
		{0D7FFABC-1630-416E-A1EC-DD2450D9E6A5}.Release|x86.ActiveCfg = Release|Win32
		{0D7FFABC-1630-416E-A1EC-DD2450D9E6A5}.Release|x86.Build.0 = Release|Win32
		{5C985ACA-7DA6-4337-B743-799D898CBE47}.Debug|x64.ActiveCfg = Debug|x64
		{5C985ACA-7DA6-4337-B743-799D898CBE47}.Debug|x64.Build.0 = Debug|x64
		{5C985ACA-7DA6-4337-B743-799D898CBE47}.Debug|x86.ActiveCfg = Debug|Win32
		{5C985ACA-7DA6-4337-B743-799D898CBE47}.Debug|x86.Build.0 = Debug|Win32
		{5C985ACA-7DA6-4337-B743-799D898CBE47}.Release|x64.ActiveCfg = Release|x64
		{5C985ACA-7DA6-4337-B743-799D898CBE47}.Release|x64.Build.0 = Release|x64
		{5C985ACA-7DA6-4337-B743-799D898CBE47}.Release|x86.ActiveCfg = Release|Win32
		{5C985ACA-7DA6-4337-B743-799D898CBE47}.Release|x86.Build.0 = Release|Win32
		{FA4194AA-4AE7-46EE-9E89-9B2AB3CB28E3}.Debug|x64.ActiveCfg = Debug|x64
		{FA4194AA-4AE7-46EE-9E89-9B2AB3CB28E3}.Debug|x64.Build.0 = Debug|x64
		{FA4194AA-4AE7-46EE-9E89-9B2AB3CB28E3}.Debug|x86.ActiveCfg = Debug|Win32
		{FA4194AA-4AE7-46EE-9E89-9B2AB3CB28E3}.Debug|x86.Build.0 = Debug|Win32
		{FA4194AA-4AE7-46EE-9E89-9B2AB3CB28E3}.Release|x64.ActiveCfg = Release|x64
		{FA4194AA-4AE7-46EE-9E89-9B2AB3CB28E3}.Release|x64.Build.0 = Release|x64
		{FA4194AA-4AE7-46EE-9E89-9B2AB3CB28E3}.Release|x86.ActiveCfg = Release|Win32
		{FA4194AA-4AE7-46EE-9E89-9B2AB3CB28E3}.Release|x86.Build.0 = Release|Win32
	EndGlobalSection
	GlobalSection(SolutionProperties) = preSolution
		HideSolutionNode = FALSE
	EndGlobalSection
	GlobalSection(ExtensibilityGlobals) = postSolution
		SolutionGuid = {08669CCF-4321-4286-A584-4136AE01321F}
	EndGlobalSection
EndGlobal
